PODS:
  - MaximoRESTSDK (1.0.3)

DEPENDENCIES:
  - MaximoRESTSDK (from `../../maximo-swift-restclient`)

EXTERNAL SOURCES:
  MaximoRESTSDK:
    :path: "../../maximo-swift-restclient"

SPEC CHECKSUMS:
  MaximoRESTSDK: 9235c065c7b42f8808e0d3bc9ff4a1ac8b621c81

PODFILE CHECKSUM: e6df565b53551574912ba9bac419e1c65f404219

COCOAPODS: 1.5.0
